
Microsoft Visual Studio Solution File, Format Version 12.00
# Visual Studio 2013
VisualStudioVersion = 12.0.30501.0
MinimumVisualStudioVersion = 10.0.40219.1
Project("{FAE04EC0-301F-11D3-BF4B-00C04F79EFBC}") = "DataContractDemo.Client", "DataContractDemo.Client\DataContractDemo.Client.csproj", "{8895CB6D-B175-4DBD-8763-EBBAE875B5B7}"
EndProject
Project("{FAE04EC0-301F-11D3-BF4B-00C04F79EFBC}") = "DataContractDemo.MVCClient", "DataContractDemo.MVCClient\DataContractDemo.MVCClient.csproj", "{1D9F2648-822C-4CD5-82EA-38E29FE1500F}"
EndProject
Project("{FAE04EC0-301F-11D3-BF4B-00C04F79EFBC}") = "GenericContractClient", "GenericContractClient\GenericContractClient.csproj", "{7D497AFB-3801-4212-A75B-3B983D5F6F91}"
EndProject
Global
	GlobalSection(SolutionConfigurationPlatforms) = preSolution
		Debug|Any CPU = Debug|Any CPU
		Release|Any CPU = Release|Any CPU
	EndGlobalSection
	GlobalSection(ProjectConfigurationPlatforms) = postSolution
		{8895CB6D-B175-4DBD-8763-EBBAE875B5B7}.Debug|Any CPU.ActiveCfg = Debug|Any CPU
		{8895CB6D-B175-4DBD-8763-EBBAE875B5B7}.Debug|Any CPU.Build.0 = Debug|Any CPU
		{8895CB6D-B175-4DBD-8763-EBBAE875B5B7}.Release|Any CPU.ActiveCfg = Release|Any CPU
		{8895CB6D-B175-4DBD-8763-EBBAE875B5B7}.Release|Any CPU.Build.0 = Release|Any CPU
		{1D9F2648-822C-4CD5-82EA-38E29FE1500F}.Debug|Any CPU.ActiveCfg = Debug|Any CPU
		{1D9F2648-822C-4CD5-82EA-38E29FE1500F}.Debug|Any CPU.Build.0 = Debug|Any CPU
		{1D9F2648-822C-4CD5-82EA-38E29FE1500F}.Release|Any CPU.ActiveCfg = Release|Any CPU
		{1D9F2648-822C-4CD5-82EA-38E29FE1500F}.Release|Any CPU.Build.0 = Release|Any CPU
		{7D497AFB-3801-4212-A75B-3B983D5F6F91}.Debug|Any CPU.ActiveCfg = Debug|Any CPU
		{7D497AFB-3801-4212-A75B-3B983D5F6F91}.Debug|Any CPU.Build.0 = Debug|Any CPU
		{7D497AFB-3801-4212-A75B-3B983D5F6F91}.Release|Any CPU.ActiveCfg = Release|Any CPU
		{7D497AFB-3801-4212-A75B-3B983D5F6F91}.Release|Any CPU.Build.0 = Release|Any CPU
	EndGlobalSection
	GlobalSection(SolutionProperties) = preSolution
		HideSolutionNode = FALSE
	EndGlobalSection
EndGlobal
